
Microsoft Visual Studio Solution File, Format Version 12.00
# Visual Studio Version 16
VisualStudioVersion = 16.0.30406.217
MinimumVisualStudioVersion = 10.0.40219.1
Project("{FAE04EC0-301F-11D3-BF4B-00C04F79EFBC}") = "SalesWebMvc", "SalesWebMvc\SalesWebMvc.csproj", "{718987A1-92F3-4EE1-8204-FB01B50B4FDE}"
EndProject
Global
	GlobalSection(SolutionConfigurationPlatforms) = preSolution
		Debug|Any CPU = Debug|Any CPU
		Release|Any CPU = Release|Any CPU
	EndGlobalSection
	GlobalSection(ProjectConfigurationPlatforms) = postSolution
		{718987A1-92F3-4EE1-8204-FB01B50B4FDE}.Debug|Any CPU.ActiveCfg = Debug|Any CPU
		{718987A1-92F3-4EE1-8204-FB01B50B4FDE}.Debug|Any CPU.Build.0 = Debug|Any CPU
		{718987A1-92F3-4EE1-8204-FB01B50B4FDE}.Release|Any CPU.ActiveCfg = Release|Any CPU
		{718987A1-92F3-4EE1-8204-FB01B50B4FDE}.Release|Any CPU.Build.0 = Release|Any CPU
	EndGlobalSection
	GlobalSection(SolutionProperties) = preSolution
		HideSolutionNode = FALSE
	EndGlobalSection
	GlobalSection(ExtensibilityGlobals) = postSolution
		SolutionGuid = {84692CEB-21D9-4C50-9881-40100B567D00}
	EndGlobalSection
EndGlobal
